
Microsoft Visual Studio Solution File, Format Version 12.00
# Visual Studio Version 17
VisualStudioVersion = 17.1.32210.238
MinimumVisualStudioVersion = 10.0.40219.1
Project("{9A19103F-16F7-4668-BE54-9A1E7A4F7556}") = "name-sorter", "name-sorter.csproj", "{204569B8-D76D-4A9A-94BE-3DF4E5661A19}"
EndProject
Project("{FAE04EC0-301F-11D3-BF4B-00C04F79EFBC}") = "Name-Sorter-Tests", "Name-Sorter-Tests\Name-Sorter-Tests.csproj", "{DE5E70C8-29F2-45BB-A7FB-23F37BA75AD6}"
EndProject
Global
	GlobalSection(SolutionConfigurationPlatforms) = preSolution
		Debug|Any CPU = Debug|Any CPU
		Release|Any CPU = Release|Any CPU
	EndGlobalSection
	GlobalSection(ProjectConfigurationPlatforms) = postSolution
		{204569B8-D76D-4A9A-94BE-3DF4E5661A19}.Debug|Any CPU.ActiveCfg = Debug|Any CPU
		{204569B8-D76D-4A9A-94BE-3DF4E5661A19}.Debug|Any CPU.Build.0 = Debug|Any CPU
		{204569B8-D76D-4A9A-94BE-3DF4E5661A19}.Release|Any CPU.ActiveCfg = Release|Any CPU
		{204569B8-D76D-4A9A-94BE-3DF4E5661A19}.Release|Any CPU.Build.0 = Release|Any CPU
		{DE5E70C8-29F2-45BB-A7FB-23F37BA75AD6}.Debug|Any CPU.ActiveCfg = Debug|Any CPU
		{DE5E70C8-29F2-45BB-A7FB-23F37BA75AD6}.Debug|Any CPU.Build.0 = Debug|Any CPU
		{DE5E70C8-29F2-45BB-A7FB-23F37BA75AD6}.Release|Any CPU.ActiveCfg = Release|Any CPU
		{DE5E70C8-29F2-45BB-A7FB-23F37BA75AD6}.Release|Any CPU.Build.0 = Release|Any CPU
	EndGlobalSection
	GlobalSection(SolutionProperties) = preSolution
		HideSolutionNode = FALSE
	EndGlobalSection
	GlobalSection(ExtensibilityGlobals) = postSolution
		SolutionGuid = {48EEF1F0-4605-4C16-8379-77869B83AAD7}
	EndGlobalSection
EndGlobal
